
Microsoft Visual Studio Solution File, Format Version 12.00
# Visual Studio Version 17
VisualStudioVersion = 17.4.33205.214
MinimumVisualStudioVersion = 10.0.40219.1
Project("{FAE04EC0-301F-11D3-BF4B-00C04F79EFBC}") = "CacheStrategy", "CacheStrategy\CacheStrategy.csproj", "{69517705-7F30-40DB-A94E-B5B5CF42B724}"
EndProject
Global
	GlobalSection(SolutionConfigurationPlatforms) = preSolution
		Debug|Any CPU = Debug|Any CPU
		Release|Any CPU = Release|Any CPU
	EndGlobalSection
	GlobalSection(ProjectConfigurationPlatforms) = postSolution
		{69517705-7F30-40DB-A94E-B5B5CF42B724}.Debug|Any CPU.ActiveCfg = Debug|Any CPU
		{69517705-7F30-40DB-A94E-B5B5CF42B724}.Debug|Any CPU.Build.0 = Debug|Any CPU
		{69517705-7F30-40DB-A94E-B5B5CF42B724}.Release|Any CPU.ActiveCfg = Release|Any CPU
		{69517705-7F30-40DB-A94E-B5B5CF42B724}.Release|Any CPU.Build.0 = Release|Any CPU
	EndGlobalSection
	GlobalSection(SolutionProperties) = preSolution
		HideSolutionNode = FALSE
	EndGlobalSection
	GlobalSection(ExtensibilityGlobals) = postSolution
		SolutionGuid = {51938605-7659-4C43-A12F-A9CCF1B5389F}
	EndGlobalSection
EndGlobal
